
Microsoft Visual Studio Solution File, Format Version 12.00
Project("{FAE04EC0-301F-11D3-BF4B-00C04F79EFBC}") = "Application", "Application\Application.csproj", "{D2ABA763-EECA-43B5-9CE7-87A2F08EB221}"
EndProject
Project("{FAE04EC0-301F-11D3-BF4B-00C04F79EFBC}") = "Domain", "Domain\Domain.csproj", "{96ED2C7F-53F7-4E48-950A-A22586639216}"
EndProject
Project("{FAE04EC0-301F-11D3-BF4B-00C04F79EFBC}") = "Infrastructure", "Infrastructure\Infrastructure.csproj", "{DC043785-6E51-432C-8A08-D634D7ACAA1A}"
EndProject
Project("{FAE04EC0-301F-11D3-BF4B-00C04F79EFBC}") = "ConsoleApp", "ConsoleApp\ConsoleApp.csproj", "{9E74E193-BF5F-436E-BD8A-35195CD4C12E}"
EndProject
Global
	GlobalSection(SolutionConfigurationPlatforms) = preSolution
		Debug|Any CPU = Debug|Any CPU
		Release|Any CPU = Release|Any CPU
	EndGlobalSection
	GlobalSection(ProjectConfigurationPlatforms) = postSolution
		{D2ABA763-EECA-43B5-9CE7-87A2F08EB221}.Debug|Any CPU.ActiveCfg = Debug|Any CPU
		{D2ABA763-EECA-43B5-9CE7-87A2F08EB221}.Debug|Any CPU.Build.0 = Debug|Any CPU
		{D2ABA763-EECA-43B5-9CE7-87A2F08EB221}.Release|Any CPU.ActiveCfg = Release|Any CPU
		{D2ABA763-EECA-43B5-9CE7-87A2F08EB221}.Release|Any CPU.Build.0 = Release|Any CPU
		{96ED2C7F-53F7-4E48-950A-A22586639216}.Debug|Any CPU.ActiveCfg = Debug|Any CPU
		{96ED2C7F-53F7-4E48-950A-A22586639216}.Debug|Any CPU.Build.0 = Debug|Any CPU
		{96ED2C7F-53F7-4E48-950A-A22586639216}.Release|Any CPU.ActiveCfg = Release|Any CPU
		{96ED2C7F-53F7-4E48-950A-A22586639216}.Release|Any CPU.Build.0 = Release|Any CPU
		{DC043785-6E51-432C-8A08-D634D7ACAA1A}.Debug|Any CPU.ActiveCfg = Debug|Any CPU
		{DC043785-6E51-432C-8A08-D634D7ACAA1A}.Debug|Any CPU.Build.0 = Debug|Any CPU
		{DC043785-6E51-432C-8A08-D634D7ACAA1A}.Release|Any CPU.ActiveCfg = Release|Any CPU
		{DC043785-6E51-432C-8A08-D634D7ACAA1A}.Release|Any CPU.Build.0 = Release|Any CPU
		{9E74E193-BF5F-436E-BD8A-35195CD4C12E}.Debug|Any CPU.ActiveCfg = Debug|Any CPU
		{9E74E193-BF5F-436E-BD8A-35195CD4C12E}.Debug|Any CPU.Build.0 = Debug|Any CPU
		{9E74E193-BF5F-436E-BD8A-35195CD4C12E}.Release|Any CPU.ActiveCfg = Release|Any CPU
		{9E74E193-BF5F-436E-BD8A-35195CD4C12E}.Release|Any CPU.Build.0 = Release|Any CPU
	EndGlobalSection
EndGlobal
